
Microsoft Visual Studio Solution File, Format Version 12.00
# Visual Studio Version 17
VisualStudioVersion = 17.6.33723.286
MinimumVisualStudioVersion = 10.0.40219.1
Project("{9A19103F-16F7-4668-BE54-9A1E7A4F7556}") = "CodeCC", "CodeCC\CodeCC.csproj", "{CA9CE31E-CBFC-4A5F-931E-63BA394EA6B4}"
EndProject
Project("{FAE04EC0-301F-11D3-BF4B-00C04F79EFBC}") = "TestProject1", "TestProject1\TestProject1.csproj", "{6CFE9099-3800-4D15-8462-2B80BDF0E750}"
EndProject
Global
	GlobalSection(SolutionConfigurationPlatforms) = preSolution
		Debug|Any CPU = Debug|Any CPU
		Release|Any CPU = Release|Any CPU
	EndGlobalSection
	GlobalSection(ProjectConfigurationPlatforms) = postSolution
		{CA9CE31E-CBFC-4A5F-931E-63BA394EA6B4}.Debug|Any CPU.ActiveCfg = Debug|Any CPU
		{CA9CE31E-CBFC-4A5F-931E-63BA394EA6B4}.Debug|Any CPU.Build.0 = Debug|Any CPU
		{CA9CE31E-CBFC-4A5F-931E-63BA394EA6B4}.Release|Any CPU.ActiveCfg = Release|Any CPU
		{CA9CE31E-CBFC-4A5F-931E-63BA394EA6B4}.Release|Any CPU.Build.0 = Release|Any CPU
		{6CFE9099-3800-4D15-8462-2B80BDF0E750}.Debug|Any CPU.ActiveCfg = Debug|Any CPU
		{6CFE9099-3800-4D15-8462-2B80BDF0E750}.Debug|Any CPU.Build.0 = Debug|Any CPU
		{6CFE9099-3800-4D15-8462-2B80BDF0E750}.Release|Any CPU.ActiveCfg = Release|Any CPU
		{6CFE9099-3800-4D15-8462-2B80BDF0E750}.Release|Any CPU.Build.0 = Release|Any CPU
	EndGlobalSection
	GlobalSection(SolutionProperties) = preSolution
		HideSolutionNode = FALSE
	EndGlobalSection
	GlobalSection(ExtensibilityGlobals) = postSolution
		SolutionGuid = {2371C85B-12D0-4BF5-AAB0-0155AA25D81C}
	EndGlobalSection
EndGlobal
